
Microsoft Visual Studio Solution File, Format Version 12.00
# Visual Studio Version 16
VisualStudioVersion = 16.0.30204.135
MinimumVisualStudioVersion = 10.0.40219.1
Project("{FAE04EC0-301F-11D3-BF4B-00C04F79EFBC}") = "InversionOfControl", "InversionOfControl\InversionOfControl.csproj", "{C7C558A3-8FDF-4CBD-9ADB-B57C27F83F90}"
EndProject
Global
	GlobalSection(SolutionConfigurationPlatforms) = preSolution
		Debug|Any CPU = Debug|Any CPU
		Release|Any CPU = Release|Any CPU
	EndGlobalSection
	GlobalSection(ProjectConfigurationPlatforms) = postSolution
		{C7C558A3-8FDF-4CBD-9ADB-B57C27F83F90}.Debug|Any CPU.ActiveCfg = Debug|Any CPU
		{C7C558A3-8FDF-4CBD-9ADB-B57C27F83F90}.Debug|Any CPU.Build.0 = Debug|Any CPU
		{C7C558A3-8FDF-4CBD-9ADB-B57C27F83F90}.Release|Any CPU.ActiveCfg = Release|Any CPU
		{C7C558A3-8FDF-4CBD-9ADB-B57C27F83F90}.Release|Any CPU.Build.0 = Release|Any CPU
	EndGlobalSection
	GlobalSection(SolutionProperties) = preSolution
		HideSolutionNode = FALSE
	EndGlobalSection
	GlobalSection(ExtensibilityGlobals) = postSolution
		SolutionGuid = {4E23A547-27E3-42C1-AD3B-AC0021A7A69A}
	EndGlobalSection
EndGlobal
